{
  "version": 4,
  "terraform_version": "1.5.2",
  "serial": 1,
  "lineage": "ff3d1051-d73f-8c7a-693a-ca5545e43f75",
  "outputs": {},
  "resources": [
    {
      "mode": "managed",
      "type": "newrelic_service_level",
      "name": "foo",
      "provider": "provider[\"registry.terraform.io/newrelic/newrelic\"]",
      "instances": [
        {
          "schema_version": 0,
          "attributes": {
            "description": "Proportion of requests that are served faster than a threshold.",
            "events": [
              {
                "account_id": 4042730,
                "bad_events": [],
                "good_events": [
                  {
                    "from": "SystemSample",
                    "select": [],
                    "where": "cpuPercent \u003e 40"
                  }
                ],
                "valid_events": [
                  {
                    "from": "SystemSample",
                    "select": [],
                    "where": "cpuPercent \u003e 60"
                  }
                ]
              }
            ],
            "guid": "NDA0MjczMHxCUk9XU0VSfEFQUExJQ0FUSU9OfDExMjAyNDE4NTA",
            "id": "4042730:495134:NDA0MjczMHxCUk9XU0VSfEFQUExJQ0FUSU9OfDExMjAyNDE4NTA",
            "name": "Latency",
            "objective": [
              {
                "description": "",
                "name": "",
                "target": 50,
                "time_window": [
                  {
                    "rolling": [
                      {
                        "count": 7,
                        "unit": "DAY"
                      }
                    ]
                  }
                ]
              }
            ],
            "sli_guid": "NDA0MjczMHxFWFR8U0VSVklDRV9MRVZFTHw0OTUxMzQ",
            "sli_id": "495134"
          },
          "sensitive_attributes": [],
          "private": "bnVsbA=="
        }
      ]
    }
  ],
  "check_results": null
}
